
Microsoft Visual Studio Solution File, Format Version 12.00
# Visual Studio Version 17
VisualStudioVersion = 17.14.36121.58 d17.14
MinimumVisualStudioVersion = 10.0.40219.1
Project("{8BC9CEB8-8B4A-11D0-8D11-00A0C91BC942}") = "Home Work 19 (#19)", "Home Work 19 (#19)\Home Work 19 (#19).vcxproj", "{C628FA85-2A97-43EC-AB95-C09E57E9DD06}"
EndProject
Global
	GlobalSection(SolutionConfigurationPlatforms) = preSolution
		Debug|x64 = Debug|x64
		Debug|x86 = Debug|x86
		Release|x64 = Release|x64
		Release|x86 = Release|x86
	EndGlobalSection
	GlobalSection(ProjectConfigurationPlatforms) = postSolution
		{C628FA85-2A97-43EC-AB95-C09E57E9DD06}.Debug|x64.ActiveCfg = Debug|x64
		{C628FA85-2A97-43EC-AB95-C09E57E9DD06}.Debug|x64.Build.0 = Debug|x64
		{C628FA85-2A97-43EC-AB95-C09E57E9DD06}.Debug|x86.ActiveCfg = Debug|Win32
		{C628FA85-2A97-43EC-AB95-C09E57E9DD06}.Debug|x86.Build.0 = Debug|Win32
		{C628FA85-2A97-43EC-AB95-C09E57E9DD06}.Release|x64.ActiveCfg = Release|x64
		{C628FA85-2A97-43EC-AB95-C09E57E9DD06}.Release|x64.Build.0 = Release|x64
		{C628FA85-2A97-43EC-AB95-C09E57E9DD06}.Release|x86.ActiveCfg = Release|Win32
		{C628FA85-2A97-43EC-AB95-C09E57E9DD06}.Release|x86.Build.0 = Release|Win32
	EndGlobalSection
	GlobalSection(SolutionProperties) = preSolution
		HideSolutionNode = FALSE
	EndGlobalSection
	GlobalSection(ExtensibilityGlobals) = postSolution
		SolutionGuid = {48A3EE25-5388-4A13-9F10-3337886232CB}
	EndGlobalSection
EndGlobal
