
Microsoft Visual Studio Solution File, Format Version 12.00
# Visual Studio Version 17
VisualStudioVersion = 17.14.36121.58 d17.14
MinimumVisualStudioVersion = 10.0.40219.1
Project("{8BC9CEB8-8B4A-11D0-8D11-00A0C91BC942}") = "Home Work 19 (#42)", "Home Work 19 (#42)\Home Work 19 (#42).vcxproj", "{389961F3-C662-411C-815C-3CECB24CC3B3}"
EndProject
Global
	GlobalSection(SolutionConfigurationPlatforms) = preSolution
		Debug|x64 = Debug|x64
		Debug|x86 = Debug|x86
		Release|x64 = Release|x64
		Release|x86 = Release|x86
	EndGlobalSection
	GlobalSection(ProjectConfigurationPlatforms) = postSolution
		{389961F3-C662-411C-815C-3CECB24CC3B3}.Debug|x64.ActiveCfg = Debug|x64
		{389961F3-C662-411C-815C-3CECB24CC3B3}.Debug|x64.Build.0 = Debug|x64
		{389961F3-C662-411C-815C-3CECB24CC3B3}.Debug|x86.ActiveCfg = Debug|Win32
		{389961F3-C662-411C-815C-3CECB24CC3B3}.Debug|x86.Build.0 = Debug|Win32
		{389961F3-C662-411C-815C-3CECB24CC3B3}.Release|x64.ActiveCfg = Release|x64
		{389961F3-C662-411C-815C-3CECB24CC3B3}.Release|x64.Build.0 = Release|x64
		{389961F3-C662-411C-815C-3CECB24CC3B3}.Release|x86.ActiveCfg = Release|Win32
		{389961F3-C662-411C-815C-3CECB24CC3B3}.Release|x86.Build.0 = Release|Win32
	EndGlobalSection
	GlobalSection(SolutionProperties) = preSolution
		HideSolutionNode = FALSE
	EndGlobalSection
	GlobalSection(ExtensibilityGlobals) = postSolution
		SolutionGuid = {106BB9EC-30AB-48CF-934C-1BD1FF8B7AFC}
	EndGlobalSection
EndGlobal
