
Microsoft Visual Studio Solution File, Format Version 12.00
# Visual Studio Version 17
VisualStudioVersion = 17.14.36401.2 d17.14
MinimumVisualStudioVersion = 10.0.40219.1
Project("{8BC9CEB8-8B4A-11D0-8D11-00A0C91BC942}") = "26 - UpperLower All Letters Of String", "26 - UpperLower All Letters Of String.vcxproj", "{E3597DE7-F41E-4064-AFD4-48AD86270224}"
EndProject
Global
	GlobalSection(SolutionConfigurationPlatforms) = preSolution
		Debug|x64 = Debug|x64
		Debug|x86 = Debug|x86
		Release|x64 = Release|x64
		Release|x86 = Release|x86
	EndGlobalSection
	GlobalSection(ProjectConfigurationPlatforms) = postSolution
		{E3597DE7-F41E-4064-AFD4-48AD86270224}.Debug|x64.ActiveCfg = Debug|x64
		{E3597DE7-F41E-4064-AFD4-48AD86270224}.Debug|x64.Build.0 = Debug|x64
		{E3597DE7-F41E-4064-AFD4-48AD86270224}.Debug|x86.ActiveCfg = Debug|Win32
		{E3597DE7-F41E-4064-AFD4-48AD86270224}.Debug|x86.Build.0 = Debug|Win32
		{E3597DE7-F41E-4064-AFD4-48AD86270224}.Release|x64.ActiveCfg = Release|x64
		{E3597DE7-F41E-4064-AFD4-48AD86270224}.Release|x64.Build.0 = Release|x64
		{E3597DE7-F41E-4064-AFD4-48AD86270224}.Release|x86.ActiveCfg = Release|Win32
		{E3597DE7-F41E-4064-AFD4-48AD86270224}.Release|x86.Build.0 = Release|Win32
	EndGlobalSection
	GlobalSection(SolutionProperties) = preSolution
		HideSolutionNode = FALSE
	EndGlobalSection
	GlobalSection(ExtensibilityGlobals) = postSolution
		SolutionGuid = {587F9484-E73B-430D-B6E9-D12EDF34EC3D}
	EndGlobalSection
EndGlobal
