
Microsoft Visual Studio Solution File, Format Version 12.00
# Visual Studio Version 17
VisualStudioVersion = 17.14.36401.2 d17.14
MinimumVisualStudioVersion = 10.0.40219.1
Project("{8BC9CEB8-8B4A-11D0-8D11-00A0C91BC942}") = "34 - Creating References", "34 - Creating References.vcxproj", "{FFFAF5E4-CAE2-4AC9-8CF3-BF5D28B0654D}"
EndProject
Global
	GlobalSection(SolutionConfigurationPlatforms) = preSolution
		Debug|x64 = Debug|x64
		Debug|x86 = Debug|x86
		Release|x64 = Release|x64
		Release|x86 = Release|x86
	EndGlobalSection
	GlobalSection(ProjectConfigurationPlatforms) = postSolution
		{FFFAF5E4-CAE2-4AC9-8CF3-BF5D28B0654D}.Debug|x64.ActiveCfg = Debug|x64
		{FFFAF5E4-CAE2-4AC9-8CF3-BF5D28B0654D}.Debug|x64.Build.0 = Debug|x64
		{FFFAF5E4-CAE2-4AC9-8CF3-BF5D28B0654D}.Debug|x86.ActiveCfg = Debug|Win32
		{FFFAF5E4-CAE2-4AC9-8CF3-BF5D28B0654D}.Debug|x86.Build.0 = Debug|Win32
		{FFFAF5E4-CAE2-4AC9-8CF3-BF5D28B0654D}.Release|x64.ActiveCfg = Release|x64
		{FFFAF5E4-CAE2-4AC9-8CF3-BF5D28B0654D}.Release|x64.Build.0 = Release|x64
		{FFFAF5E4-CAE2-4AC9-8CF3-BF5D28B0654D}.Release|x86.ActiveCfg = Release|Win32
		{FFFAF5E4-CAE2-4AC9-8CF3-BF5D28B0654D}.Release|x86.Build.0 = Release|Win32
	EndGlobalSection
	GlobalSection(SolutionProperties) = preSolution
		HideSolutionNode = FALSE
	EndGlobalSection
	GlobalSection(ExtensibilityGlobals) = postSolution
		SolutionGuid = {03CD9F8D-E1E1-4267-9F85-BD80DE938F40}
	EndGlobalSection
EndGlobal
