
Microsoft Visual Studio Solution File, Format Version 12.00
# Visual Studio Version 17
VisualStudioVersion = 17.14.37301.10 d17.14
MinimumVisualStudioVersion = 10.0.40219.1
Project("{8BC9CEB8-8B4A-11D0-8D11-00A0C91BC942}") = "57 - Compare Date Function", "57 - Compare Date Function.vcxproj", "{A88A8B2C-EB10-4D2B-9C16-FE0FCE0BB922}"
EndProject
Global
	GlobalSection(SolutionConfigurationPlatforms) = preSolution
		Debug|x64 = Debug|x64
		Debug|x86 = Debug|x86
		Release|x64 = Release|x64
		Release|x86 = Release|x86
	EndGlobalSection
	GlobalSection(ProjectConfigurationPlatforms) = postSolution
		{A88A8B2C-EB10-4D2B-9C16-FE0FCE0BB922}.Debug|x64.ActiveCfg = Debug|x64
		{A88A8B2C-EB10-4D2B-9C16-FE0FCE0BB922}.Debug|x64.Build.0 = Debug|x64
		{A88A8B2C-EB10-4D2B-9C16-FE0FCE0BB922}.Debug|x86.ActiveCfg = Debug|Win32
		{A88A8B2C-EB10-4D2B-9C16-FE0FCE0BB922}.Debug|x86.Build.0 = Debug|Win32
		{A88A8B2C-EB10-4D2B-9C16-FE0FCE0BB922}.Release|x64.ActiveCfg = Release|x64
		{A88A8B2C-EB10-4D2B-9C16-FE0FCE0BB922}.Release|x64.Build.0 = Release|x64
		{A88A8B2C-EB10-4D2B-9C16-FE0FCE0BB922}.Release|x86.ActiveCfg = Release|Win32
		{A88A8B2C-EB10-4D2B-9C16-FE0FCE0BB922}.Release|x86.Build.0 = Release|Win32
	EndGlobalSection
	GlobalSection(SolutionProperties) = preSolution
		HideSolutionNode = FALSE
	EndGlobalSection
	GlobalSection(ExtensibilityGlobals) = postSolution
		SolutionGuid = {982DD14E-E323-479A-9FA5-1ABAF9E3F08A}
	EndGlobalSection
EndGlobal
