
Microsoft Visual Studio Solution File, Format Version 12.00
# Visual Studio Version 17
VisualStudioVersion = 17.14.36121.58 d17.14
MinimumVisualStudioVersion = 10.0.40219.1
Project("{8BC9CEB8-8B4A-11D0-8D11-00A0C91BC942}") = "Home Work 15 (#7)", "Home Work 15 (#7)\Home Work 15 (#7).vcxproj", "{D59BA8F1-1775-4D44-B320-62CF4EBB01C4}"
EndProject
Global
	GlobalSection(SolutionConfigurationPlatforms) = preSolution
		Debug|x64 = Debug|x64
		Debug|x86 = Debug|x86
		Release|x64 = Release|x64
		Release|x86 = Release|x86
	EndGlobalSection
	GlobalSection(ProjectConfigurationPlatforms) = postSolution
		{D59BA8F1-1775-4D44-B320-62CF4EBB01C4}.Debug|x64.ActiveCfg = Debug|x64
		{D59BA8F1-1775-4D44-B320-62CF4EBB01C4}.Debug|x64.Build.0 = Debug|x64
		{D59BA8F1-1775-4D44-B320-62CF4EBB01C4}.Debug|x86.ActiveCfg = Debug|Win32
		{D59BA8F1-1775-4D44-B320-62CF4EBB01C4}.Debug|x86.Build.0 = Debug|Win32
		{D59BA8F1-1775-4D44-B320-62CF4EBB01C4}.Release|x64.ActiveCfg = Release|x64
		{D59BA8F1-1775-4D44-B320-62CF4EBB01C4}.Release|x64.Build.0 = Release|x64
		{D59BA8F1-1775-4D44-B320-62CF4EBB01C4}.Release|x86.ActiveCfg = Release|Win32
		{D59BA8F1-1775-4D44-B320-62CF4EBB01C4}.Release|x86.Build.0 = Release|Win32
	EndGlobalSection
	GlobalSection(SolutionProperties) = preSolution
		HideSolutionNode = FALSE
	EndGlobalSection
	GlobalSection(ExtensibilityGlobals) = postSolution
		SolutionGuid = {CE947A8B-5C58-4C37-902B-39DEC44E474B}
	EndGlobalSection
EndGlobal
