
Microsoft Visual Studio Solution File, Format Version 12.00
# Visual Studio Version 17
VisualStudioVersion = 17.14.36121.58 d17.14
MinimumVisualStudioVersion = 10.0.40219.1
Project("{8BC9CEB8-8B4A-11D0-8D11-00A0C91BC942}") = "Problem #42 Task Duration In Seconds", "Problem #42 Task Duration In Seconds\Problem #42 Task Duration In Seconds.vcxproj", "{CC71CBC0-61C9-4522-9CB7-2965468DD117}"
EndProject
Global
	GlobalSection(SolutionConfigurationPlatforms) = preSolution
		Debug|x64 = Debug|x64
		Debug|x86 = Debug|x86
		Release|x64 = Release|x64
		Release|x86 = Release|x86
	EndGlobalSection
	GlobalSection(ProjectConfigurationPlatforms) = postSolution
		{CC71CBC0-61C9-4522-9CB7-2965468DD117}.Debug|x64.ActiveCfg = Debug|x64
		{CC71CBC0-61C9-4522-9CB7-2965468DD117}.Debug|x64.Build.0 = Debug|x64
		{CC71CBC0-61C9-4522-9CB7-2965468DD117}.Debug|x86.ActiveCfg = Debug|Win32
		{CC71CBC0-61C9-4522-9CB7-2965468DD117}.Debug|x86.Build.0 = Debug|Win32
		{CC71CBC0-61C9-4522-9CB7-2965468DD117}.Release|x64.ActiveCfg = Release|x64
		{CC71CBC0-61C9-4522-9CB7-2965468DD117}.Release|x64.Build.0 = Release|x64
		{CC71CBC0-61C9-4522-9CB7-2965468DD117}.Release|x86.ActiveCfg = Release|Win32
		{CC71CBC0-61C9-4522-9CB7-2965468DD117}.Release|x86.Build.0 = Release|Win32
	EndGlobalSection
	GlobalSection(SolutionProperties) = preSolution
		HideSolutionNode = FALSE
	EndGlobalSection
	GlobalSection(ExtensibilityGlobals) = postSolution
		SolutionGuid = {AE8E09B9-B562-42F4-A67B-A96FC348679B}
	EndGlobalSection
EndGlobal
