
Microsoft Visual Studio Solution File, Format Version 12.00
# Visual Studio Version 17
VisualStudioVersion = 17.14.36121.58 d17.14
MinimumVisualStudioVersion = 10.0.40219.1
Project("{8BC9CEB8-8B4A-11D0-8D11-00A0C91BC942}") = "Home Work 18", "Home Work 18\Home Work 18.vcxproj", "{9964A2D5-4493-4514-B7D4-C7C2F1889648}"
EndProject
Global
	GlobalSection(SolutionConfigurationPlatforms) = preSolution
		Debug|x64 = Debug|x64
		Debug|x86 = Debug|x86
		Release|x64 = Release|x64
		Release|x86 = Release|x86
	EndGlobalSection
	GlobalSection(ProjectConfigurationPlatforms) = postSolution
		{9964A2D5-4493-4514-B7D4-C7C2F1889648}.Debug|x64.ActiveCfg = Debug|x64
		{9964A2D5-4493-4514-B7D4-C7C2F1889648}.Debug|x64.Build.0 = Debug|x64
		{9964A2D5-4493-4514-B7D4-C7C2F1889648}.Debug|x86.ActiveCfg = Debug|Win32
		{9964A2D5-4493-4514-B7D4-C7C2F1889648}.Debug|x86.Build.0 = Debug|Win32
		{9964A2D5-4493-4514-B7D4-C7C2F1889648}.Release|x64.ActiveCfg = Release|x64
		{9964A2D5-4493-4514-B7D4-C7C2F1889648}.Release|x64.Build.0 = Release|x64
		{9964A2D5-4493-4514-B7D4-C7C2F1889648}.Release|x86.ActiveCfg = Release|Win32
		{9964A2D5-4493-4514-B7D4-C7C2F1889648}.Release|x86.Build.0 = Release|Win32
	EndGlobalSection
	GlobalSection(SolutionProperties) = preSolution
		HideSolutionNode = FALSE
	EndGlobalSection
	GlobalSection(ExtensibilityGlobals) = postSolution
		SolutionGuid = {83FE4AE7-87AD-4D13-BFCA-1D9A4E2B2B7B}
	EndGlobalSection
EndGlobal
