
Microsoft Visual Studio Solution File, Format Version 12.00
# Visual Studio Version 17
VisualStudioVersion = 17.14.36121.58 d17.14
MinimumVisualStudioVersion = 10.0.40219.1
Project("{8BC9CEB8-8B4A-11D0-8D11-00A0C91BC942}") = "Lesson #41 - Arrays of Structure", "Lesson #41 - Arrays of Structure\Lesson #41 - Arrays of Structure.vcxproj", "{C29ABB9B-11A1-46B7-BC84-735811E76ABB}"
EndProject
Global
	GlobalSection(SolutionConfigurationPlatforms) = preSolution
		Debug|x64 = Debug|x64
		Debug|x86 = Debug|x86
		Release|x64 = Release|x64
		Release|x86 = Release|x86
	EndGlobalSection
	GlobalSection(ProjectConfigurationPlatforms) = postSolution
		{C29ABB9B-11A1-46B7-BC84-735811E76ABB}.Debug|x64.ActiveCfg = Debug|x64
		{C29ABB9B-11A1-46B7-BC84-735811E76ABB}.Debug|x64.Build.0 = Debug|x64
		{C29ABB9B-11A1-46B7-BC84-735811E76ABB}.Debug|x86.ActiveCfg = Debug|Win32
		{C29ABB9B-11A1-46B7-BC84-735811E76ABB}.Debug|x86.Build.0 = Debug|Win32
		{C29ABB9B-11A1-46B7-BC84-735811E76ABB}.Release|x64.ActiveCfg = Release|x64
		{C29ABB9B-11A1-46B7-BC84-735811E76ABB}.Release|x64.Build.0 = Release|x64
		{C29ABB9B-11A1-46B7-BC84-735811E76ABB}.Release|x86.ActiveCfg = Release|Win32
		{C29ABB9B-11A1-46B7-BC84-735811E76ABB}.Release|x86.Build.0 = Release|Win32
	EndGlobalSection
	GlobalSection(SolutionProperties) = preSolution
		HideSolutionNode = FALSE
	EndGlobalSection
	GlobalSection(ExtensibilityGlobals) = postSolution
		SolutionGuid = {2C61CB7C-B1F2-4E8D-947F-C326E6DE685F}
	EndGlobalSection
EndGlobal
