
Microsoft Visual Studio Solution File, Format Version 12.00
# Visual Studio Version 17
VisualStudioVersion = 17.14.36401.2 d17.14
MinimumVisualStudioVersion = 10.0.40219.1
Project("{8BC9CEB8-8B4A-11D0-8D11-00A0C91BC942}") = "20 to 32 - Increase Date Functions", "20 to 32 - Increase Date Functions.vcxproj", "{B4D6F115-3457-4440-BF33-F6F6A3790D85}"
EndProject
Global
	GlobalSection(SolutionConfigurationPlatforms) = preSolution
		Debug|x64 = Debug|x64
		Debug|x86 = Debug|x86
		Release|x64 = Release|x64
		Release|x86 = Release|x86
	EndGlobalSection
	GlobalSection(ProjectConfigurationPlatforms) = postSolution
		{B4D6F115-3457-4440-BF33-F6F6A3790D85}.Debug|x64.ActiveCfg = Debug|x64
		{B4D6F115-3457-4440-BF33-F6F6A3790D85}.Debug|x64.Build.0 = Debug|x64
		{B4D6F115-3457-4440-BF33-F6F6A3790D85}.Debug|x86.ActiveCfg = Debug|Win32
		{B4D6F115-3457-4440-BF33-F6F6A3790D85}.Debug|x86.Build.0 = Debug|Win32
		{B4D6F115-3457-4440-BF33-F6F6A3790D85}.Release|x64.ActiveCfg = Release|x64
		{B4D6F115-3457-4440-BF33-F6F6A3790D85}.Release|x64.Build.0 = Release|x64
		{B4D6F115-3457-4440-BF33-F6F6A3790D85}.Release|x86.ActiveCfg = Release|Win32
		{B4D6F115-3457-4440-BF33-F6F6A3790D85}.Release|x86.Build.0 = Release|Win32
	EndGlobalSection
	GlobalSection(SolutionProperties) = preSolution
		HideSolutionNode = FALSE
	EndGlobalSection
	GlobalSection(ExtensibilityGlobals) = postSolution
		SolutionGuid = {73D784F9-9DA2-4B9C-BAD6-51BAA240F694}
	EndGlobalSection
EndGlobal
