
Microsoft Visual Studio Solution File, Format Version 12.00
# Visual Studio Version 17
VisualStudioVersion = 17.14.36401.2 d17.14
MinimumVisualStudioVersion = 10.0.40219.1
Project("{8BC9CEB8-8B4A-11D0-8D11-00A0C91BC942}") = "28 - Invert All Letters Case", "28 - Invert All Letters Case.vcxproj", "{F52B7864-4F20-425F-80C5-AFFD9B3EE203}"
EndProject
Global
	GlobalSection(SolutionConfigurationPlatforms) = preSolution
		Debug|x64 = Debug|x64
		Debug|x86 = Debug|x86
		Release|x64 = Release|x64
		Release|x86 = Release|x86
	EndGlobalSection
	GlobalSection(ProjectConfigurationPlatforms) = postSolution
		{F52B7864-4F20-425F-80C5-AFFD9B3EE203}.Debug|x64.ActiveCfg = Debug|x64
		{F52B7864-4F20-425F-80C5-AFFD9B3EE203}.Debug|x64.Build.0 = Debug|x64
		{F52B7864-4F20-425F-80C5-AFFD9B3EE203}.Debug|x86.ActiveCfg = Debug|Win32
		{F52B7864-4F20-425F-80C5-AFFD9B3EE203}.Debug|x86.Build.0 = Debug|Win32
		{F52B7864-4F20-425F-80C5-AFFD9B3EE203}.Release|x64.ActiveCfg = Release|x64
		{F52B7864-4F20-425F-80C5-AFFD9B3EE203}.Release|x64.Build.0 = Release|x64
		{F52B7864-4F20-425F-80C5-AFFD9B3EE203}.Release|x86.ActiveCfg = Release|Win32
		{F52B7864-4F20-425F-80C5-AFFD9B3EE203}.Release|x86.Build.0 = Release|Win32
	EndGlobalSection
	GlobalSection(SolutionProperties) = preSolution
		HideSolutionNode = FALSE
	EndGlobalSection
	GlobalSection(ExtensibilityGlobals) = postSolution
		SolutionGuid = {A6DEB6AD-A15C-4279-A13E-55AD2E6A3527}
	EndGlobalSection
EndGlobal
