
Microsoft Visual Studio Solution File, Format Version 12.00
# Visual Studio Version 17
VisualStudioVersion = 17.14.36121.58 d17.14
MinimumVisualStudioVersion = 10.0.40219.1
Project("{8BC9CEB8-8B4A-11D0-8D11-00A0C91BC942}") = "Home Work 19 (#20)", "Home Work 19 (#20)\Home Work 19 (#20).vcxproj", "{CA023454-77FC-4697-B5C8-DA76BF85C95C}"
EndProject
Global
	GlobalSection(SolutionConfigurationPlatforms) = preSolution
		Debug|x64 = Debug|x64
		Debug|x86 = Debug|x86
		Release|x64 = Release|x64
		Release|x86 = Release|x86
	EndGlobalSection
	GlobalSection(ProjectConfigurationPlatforms) = postSolution
		{CA023454-77FC-4697-B5C8-DA76BF85C95C}.Debug|x64.ActiveCfg = Debug|x64
		{CA023454-77FC-4697-B5C8-DA76BF85C95C}.Debug|x64.Build.0 = Debug|x64
		{CA023454-77FC-4697-B5C8-DA76BF85C95C}.Debug|x86.ActiveCfg = Debug|Win32
		{CA023454-77FC-4697-B5C8-DA76BF85C95C}.Debug|x86.Build.0 = Debug|Win32
		{CA023454-77FC-4697-B5C8-DA76BF85C95C}.Release|x64.ActiveCfg = Release|x64
		{CA023454-77FC-4697-B5C8-DA76BF85C95C}.Release|x64.Build.0 = Release|x64
		{CA023454-77FC-4697-B5C8-DA76BF85C95C}.Release|x86.ActiveCfg = Release|Win32
		{CA023454-77FC-4697-B5C8-DA76BF85C95C}.Release|x86.Build.0 = Release|Win32
	EndGlobalSection
	GlobalSection(SolutionProperties) = preSolution
		HideSolutionNode = FALSE
	EndGlobalSection
	GlobalSection(ExtensibilityGlobals) = postSolution
		SolutionGuid = {D3C0DA14-1D2E-413E-B3AD-FB0B9A8D6049}
	EndGlobalSection
EndGlobal
